
Microsoft Visual Studio Solution File, Format Version 12.00
# Visual Studio Version 17
VisualStudioVersion = 17.14.36518.9 d17.14
MinimumVisualStudioVersion = 10.0.40219.1
Project("{FAE04EC0-301F-11D3-BF4B-00C04F79EFBC}") = "Ness_Mizarhi_Zeev_Test", "Ness_Mizarhi_Zeev_Test\Ness_Mizarhi_Zeev_Test.csproj", "{F50DCAAB-313C-4C86-A1B5-5D806CE6B3D3}"
EndProject
Global
	GlobalSection(SolutionConfigurationPlatforms) = preSolution
		Debug|Any CPU = Debug|Any CPU
		Release|Any CPU = Release|Any CPU
	EndGlobalSection
	GlobalSection(ProjectConfigurationPlatforms) = postSolution
		{F50DCAAB-313C-4C86-A1B5-5D806CE6B3D3}.Debug|Any CPU.ActiveCfg = Debug|Any CPU
		{F50DCAAB-313C-4C86-A1B5-5D806CE6B3D3}.Debug|Any CPU.Build.0 = Debug|Any CPU
		{F50DCAAB-313C-4C86-A1B5-5D806CE6B3D3}.Release|Any CPU.ActiveCfg = Release|Any CPU
		{F50DCAAB-313C-4C86-A1B5-5D806CE6B3D3}.Release|Any CPU.Build.0 = Release|Any CPU
	EndGlobalSection
	GlobalSection(SolutionProperties) = preSolution
		HideSolutionNode = FALSE
	EndGlobalSection
	GlobalSection(ExtensibilityGlobals) = postSolution
		SolutionGuid = {CC0E3F75-82E1-49FB-8773-885EDFFEAA14}
	EndGlobalSection
EndGlobal
